lockfileVersion: '9.0'

settings:
  autoInstallPeers: true
  excludeLinksFromLockfile: false

importers:

  .:
    dependencies:
      ruby:
        specifier: ^0.6.1
        version: 0.6.1

packages:

  lodash@4.17.21:
    resolution: {integrity: sha512-v2kDEe57lecTulaDIuNTPy3Ry4gLGJ6Z1O3vE1krgXZNrsQ+LFTGHVxVjcXPs17LhbZVGedAJv8XZ1tvj5FvSg==}

  ruby@0.6.1:
    resolution: {integrity: sha512-TjMB+HyxathhcgvtQ3jkYWWjW3t9q+3VPLe0jpsm1x8tryXJ3626rO6gQ+0S12Oyac+Glp6KDuy1JBdKND+eSQ==}

snapshots:

  lodash@4.17.21: {}

  ruby@0.6.1:
    dependencies:
      lodash: 4.17.21
